// !$*UTF8*$!
{
	archiveVersion = 1;
	classes = {
	};
	objectVersion = 45;
	objects = {

/* Begin PBXBuildFile section */
		07019AD7103ACAD3004D8367 /* TwitterDataSource.m in Sources */ = {isa = PBXBuildFile; fileRef = 07019AD5103ACAD3004D8367 /* TwitterDataSource.m */; };
		07278FE910404A5400B63551 /* TwitterStatusCell.m in Sources */ = {isa = PBXBuildFile; fileRef = 07E33DB11040333B00B965F9 /* TwitterStatusCell.m */; };
		072791191040950600B63551 /* AgileTwitterAppDelegateTest.m in Sources */ = {isa = PBXBuildFile; fileRef = 072791181040950600B63551 /* AgileTwitterAppDelegateTest.m */; };
		0727913D104096F300B63551 /* AgileTwitterAppDelegate.m in Sources */ = {isa = PBXBuildFile; fileRef = 1D3623250D0F684500981E51 /* AgileTwitterAppDelegate.m */; };
		072792051040B73400B63551 /* ComposeTweetViewControllerTest.m in Sources */ = {isa = PBXBuildFile; fileRef = 072792041040B73400B63551 /* ComposeTweetViewControllerTest.m */; };
		072792181040B89700B63551 /* ComposeTweetViewController.m in Sources */ = {isa = PBXBuildFile; fileRef = 072792161040B89700B63551 /* ComposeTweetViewController.m */; };
		0727922C1040B92000B63551 /* ComposeTweet.xib in Resources */ = {isa = PBXBuildFile; fileRef = 0727922B1040B92000B63551 /* ComposeTweet.xib */; };
		072792351040B9DB00B63551 /* ComposeTweetViewController.m in Sources */ = {isa = PBXBuildFile; fileRef = 072792161040B89700B63551 /* ComposeTweetViewController.m */; };
		072792DE1040E64A00B63551 /* TwitterConnectionTest.m in Sources */ = {isa = PBXBuildFile; fileRef = 072792DD1040E64A00B63551 /* TwitterConnectionTest.m */; };
		078A05A3103C98A70052BF91 /* GTMIPhoneUnitTestDelegate.m in Sources */ = {isa = PBXBuildFile; fileRef = 078A059F103C98A70052BF91 /* GTMIPhoneUnitTestDelegate.m */; };
		078A05A4103C98A70052BF91 /* GTMIPhoneUnitTestMain.m in Sources */ = {isa = PBXBuildFile; fileRef = 078A05A0103C98A70052BF91 /* GTMIPhoneUnitTestMain.m */; };
		078A05A5103C98A70052BF91 /* GTMSenTestCase.m in Sources */ = {isa = PBXBuildFile; fileRef = 078A05A2103C98A70052BF91 /* GTMSenTestCase.m */; };
		078A05B6103C9D5A0052BF91 /* TwitterDataSourceTest.m in Sources */ = {isa = PBXBuildFile; fileRef = 07019AC0103ACA30004D8367 /* TwitterDataSourceTest.m */; };
		078A05C8103C9E450052BF91 /* TwitterDataSource.m in Sources */ = {isa = PBXBuildFile; fileRef = 07019AD5103ACAD3004D8367 /* TwitterDataSource.m */; };
		078A063B103CAC450052BF91 /* OCMock.framework in Frameworks */ = {isa = PBXBuildFile; fileRef = 078A063A103CAC450052BF91 /* OCMock.framework */; };
		07B793D7103E109B00B5CA5A /* ListTweetsViewControllerTest.m in Sources */ = {isa = PBXBuildFile; fileRef = 07B793D6103E109B00B5CA5A /* ListTweetsViewControllerTest.m */; };
		07B794B2103E2A5F00B5CA5A /* ConcreteTwitterEngineFactoryTest.m in Sources */ = {isa = PBXBuildFile; fileRef = 07B794B1103E2A5F00B5CA5A /* ConcreteTwitterEngineFactoryTest.m */; };
		07B794B8103E2AFB00B5CA5A /* ConcreteTwitterEngineFactory.m in Sources */ = {isa = PBXBuildFile; fileRef = 07B794B7103E2AFB00B5CA5A /* ConcreteTwitterEngineFactory.m */; };
		07B794B9103E2AFB00B5CA5A /* ConcreteTwitterEngineFactory.m in Sources */ = {isa = PBXBuildFile; fileRef = 07B794B7103E2AFB00B5CA5A /* ConcreteTwitterEngineFactory.m */; };
		07C19CE31042B19D00FE5731 /* TwitterConnection.m in Sources */ = {isa = PBXBuildFile; fileRef = 07C19CE21042B19D00FE5731 /* TwitterConnection.m */; };
		07C19CE41042B19D00FE5731 /* TwitterConnection.m in Sources */ = {isa = PBXBuildFile; fileRef = 07C19CE21042B19D00FE5731 /* TwitterConnection.m */; };
		07E33D9710402BED00B965F9 /* TwitterStatusCell.xib in Resources */ = {isa = PBXBuildFile; fileRef = 07E33D9610402BED00B965F9 /* TwitterStatusCell.xib */; };
		07E33DAC1040318B00B965F9 /* TwitterStatusCellTest.m in Sources */ = {isa = PBXBuildFile; fileRef = 07E33DAB1040318B00B965F9 /* TwitterStatusCellTest.m */; };
		07E33DB21040333B00B965F9 /* TwitterStatusCell.m in Sources */ = {isa = PBXBuildFile; fileRef = 07E33DB11040333B00B965F9 /* TwitterStatusCell.m */; };
		07E33DEC1040368200B965F9 /* TwitterStatusCell.xib in Resources */ = {isa = PBXBuildFile; fileRef = 07E33D9610402BED00B965F9 /* TwitterStatusCell.xib */; };
		07EAA3EE103D6A65009D5CE4 /* MGTwitterEngine.m in Sources */ = {isa = PBXBuildFile; fileRef = 07EAA3CE103D6A65009D5CE4 /* MGTwitterEngine.m */; };
		07EAA3EF103D6A65009D5CE4 /* MGTwitterHTTPURLConnection.m in Sources */ = {isa = PBXBuildFile; fileRef = 07EAA3D3103D6A65009D5CE4 /* MGTwitterHTTPURLConnection.m */; };
		07EAA3F0103D6A65009D5CE4 /* MGTwitterLibXMLParser.m in Sources */ = {isa = PBXBuildFile; fileRef = 07EAA3D5103D6A65009D5CE4 /* MGTwitterLibXMLParser.m */; };
		07EAA3F1103D6A65009D5CE4 /* MGTwitterMessagesLibXMLParser.m in Sources */ = {isa = PBXBuildFile; fileRef = 07EAA3D7103D6A65009D5CE4 /* MGTwitterMessagesLibXMLParser.m */; };
		07EAA3F2103D6A65009D5CE4 /* MGTwitterMessagesParser.m in Sources */ = {isa = PBXBuildFile; fileRef = 07EAA3D9103D6A65009D5CE4 /* MGTwitterMessagesParser.m */; };
		07EAA3F3103D6A65009D5CE4 /* MGTwitterMiscLibXMLParser.m in Sources */ = {isa = PBXBuildFile; fileRef = 07EAA3DB103D6A65009D5CE4 /* MGTwitterMiscLibXMLParser.m */; };
		07EAA3F4103D6A65009D5CE4 /* MGTwitterMiscParser.m in Sources */ = {isa = PBXBuildFile; fileRef = 07EAA3DD103D6A65009D5CE4 /* MGTwitterMiscParser.m */; };
		07EAA3F5103D6A65009D5CE4 /* MGTwitterStatusesLibXMLParser.m in Sources */ = {isa = PBXBuildFile; fileRef = 07EAA3E1103D6A65009D5CE4 /* MGTwitterStatusesLibXMLParser.m */; };
		07EAA3F6103D6A65009D5CE4 /* MGTwitterStatusesParser.m in Sources */ = {isa = PBXBuildFile; fileRef = 07EAA3E3103D6A65009D5CE4 /* MGTwitterStatusesParser.m */; };
		07EAA3F7103D6A65009D5CE4 /* MGTwitterUsersLibXMLParser.m in Sources */ = {isa = PBXBuildFile; fileRef = 07EAA3E5103D6A65009D5CE4 /* MGTwitterUsersLibXMLParser.m */; };
		07EAA3F8103D6A65009D5CE4 /* MGTwitterUsersParser.m in Sources */ = {isa = PBXBuildFile; fileRef = 07EAA3E7103D6A65009D5CE4 /* MGTwitterUsersParser.m */; };
		07EAA3F9103D6A65009D5CE4 /* MGTwitterXMLParser.m in Sources */ = {isa = PBXBuildFile; fileRef = 07EAA3E9103D6A65009D5CE4 /* MGTwitterXMLParser.m */; };
		07EAA3FA103D6A65009D5CE4 /* NSData+Base64.m in Sources */ = {isa = PBXBuildFile; fileRef = 07EAA3EB103D6A65009D5CE4 /* NSData+Base64.m */; };
		07EAA3FB103D6A65009D5CE4 /* NSString+UUID.m in Sources */ = {isa = PBXBuildFile; fileRef = 07EAA3ED103D6A65009D5CE4 /* NSString+UUID.m */; };
		07EAA3FC103D6A65009D5CE4 /* MGTwitterEngine.m in Sources */ = {isa = PBXBuildFile; fileRef = 07EAA3CE103D6A65009D5CE4 /* MGTwitterEngine.m */; };
		07EAA3FD103D6A65009D5CE4 /* MGTwitterHTTPURLConnection.m in Sources */ = {isa = PBXBuildFile; fileRef = 07EAA3D3103D6A65009D5CE4 /* MGTwitterHTTPURLConnection.m */; };
		07EAA3FE103D6A65009D5CE4 /* MGTwitterLibXMLParser.m in Sources */ = {isa = PBXBuildFile; fileRef = 07EAA3D5103D6A65009D5CE4 /* MGTwitterLibXMLParser.m */; };
		07EAA3FF103D6A65009D5CE4 /* MGTwitterMessagesLibXMLParser.m in Sources */ = {isa = PBXBuildFile; fileRef = 07EAA3D7103D6A65009D5CE4 /* MGTwitterMessagesLibXMLParser.m */; };
		07EAA400103D6A65009D5CE4 /* MGTwitterMessagesParser.m in Sources */ = {isa = PBXBuildFile; fileRef = 07EAA3D9103D6A65009D5CE4 /* MGTwitterMessagesParser.m */; };
		07EAA401103D6A65009D5CE4 /* MGTwitterMiscLibXMLParser.m in Sources */ = {isa = PBXBuildFile; fileRef = 07EAA3DB103D6A65009D5CE4 /* MGTwitterMiscLibXMLParser.m */; };
		07EAA402103D6A65009D5CE4 /* MGTwitterMiscParser.m in Sources */ = {isa = PBXBuildFile; fileRef = 07EAA3DD103D6A65009D5CE4 /* MGTwitterMiscParser.m */; };
		07EAA403103D6A65009D5CE4 /* MGTwitterStatusesLibXMLParser.m in Sources */ = {isa = PBXBuildFile; fileRef = 07EAA3E1103D6A65009D5CE4 /* MGTwitterStatusesLibXMLParser.m */; };
		07EAA404103D6A65009D5CE4 /* MGTwitterStatusesParser.m in Sources */ = {isa = PBXBuildFile; fileRef = 07EAA3E3103D6A65009D5CE4 /* MGTwitterStatusesParser.m */; };
		07EAA405103D6A65009D5CE4 /* MGTwitterUsersLibXMLParser.m in Sources */ = {isa = PBXBuildFile; fileRef = 07EAA3E5103D6A65009D5CE4 /* MGTwitterUsersLibXMLParser.m */; };
		07EAA406103D6A65009D5CE4 /* MGTwitterUsersParser.m in Sources */ = {isa = PBXBuildFile; fileRef = 07EAA3E7103D6A65009D5CE4 /* MGTwitterUsersParser.m */; };
		07EAA407103D6A65009D5CE4 /* MGTwitterXMLParser.m in Sources */ = {isa = PBXBuildFile; fileRef = 07EAA3E9103D6A65009D5CE4 /* MGTwitterXMLParser.m */; };
		07EAA408103D6A65009D5CE4 /* NSData+Base64.m in Sources */ = {isa = PBXBuildFile; fileRef = 07EAA3EB103D6A65009D5CE4 /* NSData+Base64.m */; };
		07EAA409103D6A65009D5CE4 /* NSString+UUID.m in Sources */ = {isa = PBXBuildFile; fileRef = 07EAA3ED103D6A65009D5CE4 /* NSString+UUID.m */; };
		07EAA40C103D6AEC009D5CE4 /* libxml2.2.dylib in Frameworks */ = {isa = PBXBuildFile; fileRef = 07EAA40B103D6AEC009D5CE4 /* libxml2.2.dylib */; };
		07EAA40D103D6AEC009D5CE4 /* libxml2.2.dylib in Frameworks */ = {isa = PBXBuildFile; fileRef = 07EAA40B103D6AEC009D5CE4 /* libxml2.2.dylib */; };
		07EAA4AB103D7BA5009D5CE4 /* ListTweetsViewController.m in Sources */ = {isa = PBXBuildFile; fileRef = 28D7ACF70DDB3853001CB0EB /* ListTweetsViewController.m */; };
		1D3623260D0F684500981E51 /* AgileTwitterAppDelegate.m in Sources */ = {isa = PBXBuildFile; fileRef = 1D3623250D0F684500981E51 /* AgileTwitterAppDelegate.m */; };
		1D60589B0D05DD56006BFB54 /* main.m in Sources */ = {isa = PBXBuildFile; fileRef = 29B97316FDCFA39411CA2CEA /* main.m */; };
		1D60589F0D05DD5A006BFB54 /* Foundation.framework in Frameworks */ = {isa = PBXBuildFile; fileRef = 1D30AB110D05D00D00671497 /* Foundation.framework */; };
		1DF5F4E00D08C38300B7A737 /* UIKit.framework in Frameworks */ = {isa = PBXBuildFile; fileRef = 1DF5F4DF0D08C38300B7A737 /* UIKit.framework */; };
		288765A50DF7441C002DB57D /* CoreGraphics.framework in Frameworks */ = {isa = PBXBuildFile; fileRef = 288765A40DF7441C002DB57D /* CoreGraphics.framework */; };
		2899E5220DE3E06400AC0155 /* ListTweetsViewController.xib in Resources */ = {isa = PBXBuildFile; fileRef = 2899E5210DE3E06400AC0155 /* ListTweetsViewController.xib */; };
		28AD733F0D9D9553002E5188 /* MainWindow.xib in Resources */ = {isa = PBXBuildFile; fileRef = 28AD733E0D9D9553002E5188 /* MainWindow.xib */; };
		28D7ACF80DDB3853001CB0EB /* ListTweetsViewController.m in Sources */ = {isa = PBXBuildFile; fileRef = 28D7ACF70DDB3853001CB0EB /* ListTweetsViewController.m */; };
/* End PBXBuildFile section */

/* Begin PBXFileReference section */
		07019ABF103ACA30004D8367 /* TwitterDataSourceTest.h */ = {isa = PBXFileReference; fileEncoding = 4; lastKnownFileType = sourcecode.c.h; path = TwitterDataSourceTest.h; sourceTree = "<group>"; };
		07019AC0103ACA30004D8367 /* TwitterDataSourceTest.m */ = {isa = PBXFileReference; fileEncoding = 4; lastKnownFileType = sourcecode.c.objc; path = TwitterDataSourceTest.m; sourceTree = "<group>"; };
		07019AD4103ACAD3004D8367 /* TwitterDataSource.h */ = {isa = PBXFileReference; fileEncoding = 4; lastKnownFileType = sourcecode.c.h; name = TwitterDataSource.h; path = ../TwitterDataSource.h; sourceTree = "<group>"; };
		07019AD5103ACAD3004D8367 /* TwitterDataSource.m */ = {isa = PBXFileReference; fileEncoding = 4; lastKnownFileType = sourcecode.c.objc; name = TwitterDataSource.m; path = ../TwitterDataSource.m; sourceTree = "<group>"; };
		072791171040950600B63551 /* AgileTwitterAppDelegateTest.h */ = {isa = PBXFileReference; fileEncoding = 4; lastKnownFileType = sourcecode.c.h; path = AgileTwitterAppDelegateTest.h; sourceTree = "<group>"; };
		072791181040950600B63551 /* AgileTwitterAppDelegateTest.m */ = {isa = PBXFileReference; fileEncoding = 4; lastKnownFileType = sourcecode.c.objc; path = AgileTwitterAppDelegateTest.m; sourceTree = "<group>"; };
		072792031040B73400B63551 /* ComposeTweetViewControllerTest.h */ = {isa = PBXFileReference; fileEncoding = 4; lastKnownFileType = sourcecode.c.h; name = ComposeTweetViewControllerTest.h; path = Classes/ComposeTweetViewControllerTest.h; sourceTree = "<group>"; };
		072792041040B73400B63551 /* ComposeTweetViewControllerTest.m */ = {isa = PBXFileReference; fileEncoding = 4; lastKnownFileType = sourcecode.c.objc; name = ComposeTweetViewControllerTest.m; path = Classes/ComposeTweetViewControllerTest.m; sourceTree = "<group>"; };
		072792151040B89700B63551 /* ComposeTweetViewController.h */ = {isa = PBXFileReference; fileEncoding = 4; lastKnownFileType = sourcecode.c.h; path = ComposeTweetViewController.h; sourceTree = "<group>"; };
		072792161040B89700B63551 /* ComposeTweetViewController.m */ = {isa = PBXFileReference; fileEncoding = 4; lastKnownFileType = sourcecode.c.objc; path = ComposeTweetViewController.m; sourceTree = "<group>"; };
		072792171040B89700B63551 /* ComposeTweetViewController.xib */ = {isa = PBXFileReference; lastKnownFileType = file.xib; path = ComposeTweetViewController.xib; sourceTree = "<group>"; };
		0727922B1040B92000B63551 /* ComposeTweet.xib */ = {isa = PBXFileReference; lastKnownFileType = file.xib; path = ComposeTweet.xib; sourceTree = "<group>"; };
		072792DC1040E64A00B63551 /* TwitterConnectionTest.h */ = {isa = PBXFileReference; fileEncoding = 4; lastKnownFileType = sourcecode.c.h; path = TwitterConnectionTest.h; sourceTree = "<group>"; };
		072792DD1040E64A00B63551 /* TwitterConnectionTest.m */ = {isa = PBXFileReference; fileEncoding = 4; lastKnownFileType = sourcecode.c.objc; path = TwitterConnectionTest.m; sourceTree = "<group>"; };
		075AB6F3103A1E3D007F6780 /* UnitTests-Info.plist */ = {isa = PBXFileReference; lastKnownFileType = text.plist.xml; path = "UnitTests-Info.plist"; sourceTree = "<group>"; };
		078A058C103C98570052BF91 /* UnitTests.app */ = {isa = PBXFileReference; explicitFileType = wrapper.application; includeInIndex = 0; path = UnitTests.app; sourceTree = BUILT_PRODUCTS_DIR; };
		078A059E103C98A70052BF91 /* GTMIPhoneUnitTestDelegate.h */ = {isa = PBXFileReference; fileEncoding = 4; lastKnownFileType = sourcecode.c.h; path = GTMIPhoneUnitTestDelegate.h; sourceTree = "<group>"; };
		078A059F103C98A70052BF91 /* GTMIPhoneUnitTestDelegate.m */ = {isa = PBXFileReference; fileEncoding = 4; lastKnownFileType = sourcecode.c.objc; path = GTMIPhoneUnitTestDelegate.m; sourceTree = "<group>"; };
		078A05A0103C98A70052BF91 /* GTMIPhoneUnitTestMain.m */ = {isa = PBXFileReference; fileEncoding = 4; lastKnownFileType = sourcecode.c.objc; path = GTMIPhoneUnitTestMain.m; sourceTree = "<group>"; };
		078A05A1103C98A70052BF91 /* GTMSenTestCase.h */ = {isa = PBXFileReference; fileEncoding = 4; lastKnownFileType = sourcecode.c.h; path = GTMSenTestCase.h; sourceTree = "<group>"; };
		078A05A2103C98A70052BF91 /* GTMSenTestCase.m */ = {isa = PBXFileReference; fileEncoding = 4; lastKnownFileType = sourcecode.c.objc; path = GTMSenTestCase.m; sourceTree = "<group>"; };
		078A05A6103C98BE0052BF91 /* GTMDefines.h */ = {isa = PBXFileReference; fileEncoding = 4; lastKnownFileType = sourcecode.c.h; path = GTMDefines.h; sourceTree = "<group>"; };
		078A063A103CAC450052BF91 /* OCMock.framework */ = {isa = PBXFileReference; lastKnownFileType = wrapper.framework; name = OCMock.framework; path = Frameworks/OCMock.framework; sourceTree = "<group>"; };
		07B793D5103E109B00B5CA5A /* ListTweetsViewControllerTest.h */ = {isa = PBXFileReference; fileEncoding = 4; lastKnownFileType = sourcecode.c.h; path = ListTweetsViewControllerTest.h; sourceTree = "<group>"; };
		07B793D6103E109B00B5CA5A /* ListTweetsViewControllerTest.m */ = {isa = PBXFileReference; fileEncoding = 4; lastKnownFileType = sourcecode.c.objc; path = ListTweetsViewControllerTest.m; sourceTree = "<group>"; };
		07B794B0103E2A5F00B5CA5A /* ConcreteTwitterEngineFactoryTest.h */ = {isa = PBXFileReference; fileEncoding = 4; lastKnownFileType = sourcecode.c.h; path = ConcreteTwitterEngineFactoryTest.h; sourceTree = "<group>"; };
		07B794B1103E2A5F00B5CA5A /* ConcreteTwitterEngineFactoryTest.m */ = {isa = PBXFileReference; fileEncoding = 4; lastKnownFileType = sourcecode.c.objc; path = ConcreteTwitterEngineFactoryTest.m; sourceTree = "<group>"; };
		07B794B6103E2AFB00B5CA5A /* ConcreteTwitterEngineFactory.h */ = {isa = PBXFileReference; fileEncoding = 4; lastKnownFileType = sourcecode.c.h; path = ConcreteTwitterEngineFactory.h; sourceTree = "<group>"; };
		07B794B7103E2AFB00B5CA5A /* ConcreteTwitterEngineFactory.m */ = {isa = PBXFileReference; fileEncoding = 4; lastKnownFileType = sourcecode.c.objc; path = ConcreteTwitterEngineFactory.m; sourceTree = "<group>"; };
		07C19CE11042B19D00FE5731 /* TwitterConnection.h */ = {isa = PBXFileReference; fileEncoding = 4; lastKnownFileType = sourcecode.c.h; path = TwitterConnection.h; sourceTree = "<group>"; };
		07C19CE21042B19D00FE5731 /* TwitterConnection.m */ = {isa = PBXFileReference; fileEncoding = 4; lastKnownFileType = sourcecode.c.objc; path = TwitterConnection.m; sourceTree = "<group>"; };
		07E33D9610402BED00B965F9 /* TwitterStatusCell.xib */ = {isa = PBXFileReference; lastKnownFileType = file.xib; path = TwitterStatusCell.xib; sourceTree = "<group>"; };
		07E33DAA1040318B00B965F9 /* TwitterStatusCellTest.h */ = {isa = PBXFileReference; fileEncoding = 4; lastKnownFileType = sourcecode.c.h; path = TwitterStatusCellTest.h; sourceTree = "<group>"; };
		07E33DAB1040318B00B965F9 /* TwitterStatusCellTest.m */ = {isa = PBXFileReference; fileEncoding = 4; lastKnownFileType = sourcecode.c.objc; path = TwitterStatusCellTest.m; sourceTree = "<group>"; };
		07E33DB01040333B00B965F9 /* TwitterStatusCell.h */ = {isa = PBXFileReference; fileEncoding = 4; lastKnownFileType = sourcecode.c.h; path = TwitterStatusCell.h; sourceTree = "<group>"; };
		07E33DB11040333B00B965F9 /* TwitterStatusCell.m */ = {isa = PBXFileReference; fileEncoding = 4; lastKnownFileType = sourcecode.c.objc; path = TwitterStatusCell.m; sourceTree = "<group>"; };
		07EAA3CD103D6A65009D5CE4 /* MGTwitterEngine.h */ = {isa = PBXFileReference; fileEncoding = 4; lastKnownFileType = sourcecode.c.h; name = MGTwitterEngine.h; path = "MGTwitterEngine-1.0.8/MGTwitterEngine.h"; sourceTree = "<group>"; };
		07EAA3CE103D6A65009D5CE4 /* MGTwitterEngine.m */ = {isa = PBXFileReference; fileEncoding = 4; lastKnownFileType = sourcecode.c.objc; name = MGTwitterEngine.m; path = "MGTwitterEngine-1.0.8/MGTwitterEngine.m"; sourceTree = "<group>"; };
		07EAA3CF103D6A65009D5CE4 /* MGTwitterEngine_Prefix.pch */ = {isa = PBXFileReference; fileEncoding = 4; lastKnownFileType = sourcecode.c.h; name = MGTwitterEngine_Prefix.pch; path = "MGTwitterEngine-1.0.8/MGTwitterEngine_Prefix.pch"; sourceTree = "<group>"; };
		07EAA3D0103D6A65009D5CE4 /* MGTwitterEngineDelegate.h */ = {isa = PBXFileReference; fileEncoding = 4; lastKnownFileType = sourcecode.c.h; name = MGTwitterEngineDelegate.h; path = "MGTwitterEngine-1.0.8/MGTwitterEngineDelegate.h"; sourceTree = "<group>"; };
		07EAA3D1103D6A65009D5CE4 /* MGTwitterEngineGlobalHeader.h */ = {isa = PBXFileReference; fileEncoding = 4; lastKnownFileType = sourcecode.c.h; name = MGTwitterEngineGlobalHeader.h; path = "MGTwitterEngine-1.0.8/MGTwitterEngineGlobalHeader.h"; sourceTree = "<group>"; };
		07EAA3D2103D6A65009D5CE4 /* MGTwitterHTTPURLConnection.h */ = {isa = PBXFileReference; fileEncoding = 4; lastKnownFileType = sourcecode.c.h; name = MGTwitterHTTPURLConnection.h; path = "MGTwitterEngine-1.0.8/MGTwitterHTTPURLConnection.h"; sourceTree = "<group>"; };
		07EAA3D3103D6A65009D5CE4 /* MGTwitterHTTPURLConnection.m */ = {isa = PBXFileReference; fileEncoding = 4; lastKnownFileType = sourcecode.c.objc; name = MGTwitterHTTPURLConnection.m; path = "MGTwitterEngine-1.0.8/MGTwitterHTTPURLConnection.m"; sourceTree = "<group>"; };
		07EAA3D4103D6A65009D5CE4 /* MGTwitterLibXMLParser.h */ = {isa = PBXFileReference; fileEncoding = 4; lastKnownFileType = sourcecode.c.h; name = MGTwitterLibXMLParser.h; path = "MGTwitterEngine-1.0.8/MGTwitterLibXMLParser.h"; sourceTree = "<group>"; };
		07EAA3D5103D6A65009D5CE4 /* MGTwitterLibXMLParser.m */ = {isa = PBXFileReference; fileEncoding = 4; lastKnownFileType = sourcecode.c.objc; name = MGTwitterLibXMLParser.m; path = "MGTwitterEngine-1.0.8/MGTwitterLibXMLParser.m"; sourceTree = "<group>"; };
		07EAA3D6103D6A65009D5CE4 /* MGTwitterMessagesLibXMLParser.h */ = {isa = PBXFileReference; fileEncoding = 4; lastKnownFileType = sourcecode.c.h; name = MGTwitterMessagesLibXMLParser.h; path = "MGTwitterEngine-1.0.8/MGTwitterMessagesLibXMLParser.h"; sourceTree = "<group>"; };
		07EAA3D7103D6A65009D5CE4 /* MGTwitterMessagesLibXMLParser.m */ = {isa = PBXFileReference; fileEncoding = 4; lastKnownFileType = sourcecode.c.objc; name = MGTwitterMessagesLibXMLParser.m; path = "MGTwitterEngine-1.0.8/MGTwitterMessagesLibXMLParser.m"; sourceTree = "<group>"; };
		07EAA3D8103D6A65009D5CE4 /* MGTwitterMessagesParser.h */ = {isa = PBXFileReference; fileEncoding = 4; lastKnownFileType = sourcecode.c.h; name = MGTwitterMessagesParser.h; path = "MGTwitterEngine-1.0.8/MGTwitterMessagesParser.h"; sourceTree = "<group>"; };
		07EAA3D9103D6A65009D5CE4 /* MGTwitterMessagesParser.m */ = {isa = PBXFileReference; fileEncoding = 4; lastKnownFileType = sourcecode.c.objc; name = MGTwitterMessagesParser.m; path = "MGTwitterEngine-1.0.8/MGTwitterMessagesParser.m"; sourceTree = "<group>"; };
		07EAA3DA103D6A65009D5CE4 /* MGTwitterMiscLibXMLParser.h */ = {isa = PBXFileReference; fileEncoding = 4; lastKnownFileType = sourcecode.c.h; name = MGTwitterMiscLibXMLParser.h; path = "MGTwitterEngine-1.0.8/MGTwitterMiscLibXMLParser.h"; sourceTree = "<group>"; };
		07EAA3DB103D6A65009D5CE4 /* MGTwitterMiscLibXMLParser.m */ = {isa = PBXFileReference; fileEncoding = 4; lastKnownFileType = sourcecode.c.objc; name = MGTwitterMiscLibXMLParser.m; path = "MGTwitterEngine-1.0.8/MGTwitterMiscLibXMLParser.m"; sourceTree = "<group>"; };
		07EAA3DC103D6A65009D5CE4 /* MGTwitterMiscParser.h */ = {isa = PBXFileReference; fileEncoding = 4; lastKnownFileType = sourcecode.c.h; name = MGTwitterMiscParser.h; path = "MGTwitterEngine-1.0.8/MGTwitterMiscParser.h"; sourceTree = "<group>"; };
		07EAA3DD103D6A65009D5CE4 /* MGTwitterMiscParser.m */ = {isa = PBXFileReference; fileEncoding = 4; lastKnownFileType = sourcecode.c.objc; name = MGTwitterMiscParser.m; path = "MGTwitterEngine-1.0.8/MGTwitterMiscParser.m"; sourceTree = "<group>"; };
		07EAA3DE103D6A65009D5CE4 /* MGTwitterParserDelegate.h */ = {isa = PBXFileReference; fileEncoding = 4; lastKnownFileType = sourcecode.c.h; name = MGTwitterParserDelegate.h; path = "MGTwitterEngine-1.0.8/MGTwitterParserDelegate.h"; sourceTree = "<group>"; };
		07EAA3DF103D6A65009D5CE4 /* MGTwitterRequestTypes.h */ = {isa = PBXFileReference; fileEncoding = 4; lastKnownFileType = sourcecode.c.h; name = MGTwitterRequestTypes.h; path = "MGTwitterEngine-1.0.8/MGTwitterRequestTypes.h"; sourceTree = "<group>"; };
		07EAA3E0103D6A65009D5CE4 /* MGTwitterStatusesLibXMLParser.h */ = {isa = PBXFileReference; fileEncoding = 4; lastKnownFileType = sourcecode.c.h; name = MGTwitterStatusesLibXMLParser.h; path = "MGTwitterEngine-1.0.8/MGTwitterStatusesLibXMLParser.h"; sourceTree = "<group>"; };
		07EAA3E1103D6A65009D5CE4 /* MGTwitterStatusesLibXMLParser.m */ = {isa = PBXFileReference; fileEncoding = 4; lastKnownFileType = sourcecode.c.objc; name = MGTwitterStatusesLibXMLParser.m; path = "MGTwitterEngine-1.0.8/MGTwitterStatusesLibXMLParser.m"; sourceTree = "<group>"; };
		07EAA3E2103D6A65009D5CE4 /* MGTwitterStatusesParser.h */ = {isa = PBXFileReference; fileEncoding = 4; lastKnownFileType = sourcecode.c.h; name = MGTwitterStatusesParser.h; path = "MGTwitterEngine-1.0.8/MGTwitterStatusesParser.h"; sourceTree = "<group>"; };
		07EAA3E3103D6A65009D5CE4 /* MGTwitterStatusesParser.m */ = {isa = PBXFileReference; fileEncoding = 4; lastKnownFileType = sourcecode.c.objc; name = MGTwitterStatusesParser.m; path = "MGTwitterEngine-1.0.8/MGTwitterStatusesParser.m"; sourceTree = "<group>"; };
		07EAA3E4103D6A65009D5CE4 /* MGTwitterUsersLibXMLParser.h */ = {isa = PBXFileReference; fileEncoding = 4; lastKnownFileType = sourcecode.c.h; name = MGTwitterUsersLibXMLParser.h; path = "MGTwitterEngine-1.0.8/MGTwitterUsersLibXMLParser.h"; sourceTree = "<group>"; };
		07EAA3E5103D6A65009D5CE4 /* MGTwitterUsersLibXMLParser.m */ = {isa = PBXFileReference; fileEncoding = 4; lastKnownFileType = sourcecode.c.objc; name = MGTwitterUsersLibXMLParser.m; path = "MGTwitterEngine-1.0.8/MGTwitterUsersLibXMLParser.m"; sourceTree = "<group>"; };
		07EAA3E6103D6A65009D5CE4 /* MGTwitterUsersParser.h */ = {isa = PBXFileReference; fileEncoding = 4; lastKnownFileType = sourcecode.c.h; name = MGTwitterUsersParser.h; path = "MGTwitterEngine-1.0.8/MGTwitterUsersParser.h"; sourceTree = "<group>"; };
		07EAA3E7103D6A65009D5CE4 /* MGTwitterUsersParser.m */ = {isa = PBXFileReference; fileEncoding = 4; lastKnownFileType = sourcecode.c.objc; name = MGTwitterUsersParser.m; path = "MGTwitterEngine-1.0.8/MGTwitterUsersParser.m"; sourceTree = "<group>"; };
		07EAA3E8103D6A65009D5CE4 /* MGTwitterXMLParser.h */ = {isa = PBXFileReference; fileEncoding = 4; lastKnownFileType = sourcecode.c.h; name = MGTwitterXMLParser.h; path = "MGTwitterEngine-1.0.8/MGTwitterXMLParser.h"; sourceTree = "<group>"; };
		07EAA3E9103D6A65009D5CE4 /* MGTwitterXMLParser.m */ = {isa = PBXFileReference; fileEncoding = 4; lastKnownFileType = sourcecode.c.objc; name = MGTwitterXMLParser.m; path = "MGTwitterEngine-1.0.8/MGTwitterXMLParser.m"; sourceTree = "<group>"; };
		07EAA3EA103D6A65009D5CE4 /* NSData+Base64.h */ = {isa = PBXFileReference; fileEncoding = 4; lastKnownFileType = sourcecode.c.h; name = "NSData+Base64.h"; path = "MGTwitterEngine-1.0.8/NSData+Base64.h"; sourceTree = "<group>"; };
		07EAA3EB103D6A65009D5CE4 /* NSData+Base64.m */ = {isa = PBXFileReference; fileEncoding = 4; lastKnownFileType = sourcecode.c.objc; name = "NSData+Base64.m"; path = "MGTwitterEngine-1.0.8/NSData+Base64.m"; sourceTree = "<group>"; };
		07EAA3EC103D6A65009D5CE4 /* NSString+UUID.h */ = {isa = PBXFileReference; fileEncoding = 4; lastKnownFileType = sourcecode.c.h; name = "NSString+UUID.h"; path = "MGTwitterEngine-1.0.8/NSString+UUID.h"; sourceTree = "<group>"; };
		07EAA3ED103D6A65009D5CE4 /* NSString+UUID.m */ = {isa = PBXFileReference; fileEncoding = 4; lastKnownFileType = sourcecode.c.objc; name = "NSString+UUID.m"; path = "MGTwitterEngine-1.0.8/NSString+UUID.m"; sourceTree = "<group>"; };
		07EAA40B103D6AEC009D5CE4 /* libxml2.2.dylib */ = {isa = PBXFileReference; lastKnownFileType = "compiled.mach-o.dylib"; name = libxml2.2.dylib; path = usr/lib/libxml2.2.dylib; sourceTree = SDKROOT; };
		07EAA4B0103D7C55009D5CE4 /* TwitterEngineFactory.h */ = {isa = PBXFileReference; fileEncoding = 4; lastKnownFileType = sourcecode.c.h; path = TwitterEngineFactory.h; sourceTree = "<group>"; };
		1D30AB110D05D00D00671497 /* Foundation.framework */ = {isa = PBXFileReference; lastKnownFileType = wrapper.framework; name = Foundation.framework; path = System/Library/Frameworks/Foundation.framework; sourceTree = SDKROOT; };
		1D3623240D0F684500981E51 /* AgileTwitterAppDelegate.h */ = {isa = PBXFileReference; fileEncoding = 4; lastKnownFileType = sourcecode.c.h; path = AgileTwitterAppDelegate.h; sourceTree = "<group>"; };
		1D3623250D0F684500981E51 /* AgileTwitterAppDelegate.m */ = {isa = PBXFileReference; fileEncoding = 4; lastKnownFileType = sourcecode.c.objc; path = AgileTwitterAppDelegate.m; sourceTree = "<group>"; };
		1D6058910D05DD3D006BFB54 /* AgileTwitter.app */ = {isa = PBXFileReference; explicitFileType = wrapper.application; includeInIndex = 0; path = AgileTwitter.app; sourceTree = BUILT_PRODUCTS_DIR; };
		1DF5F4DF0D08C38300B7A737 /* UIKit.framework */ = {isa = PBXFileReference; lastKnownFileType = wrapper.framework; name = UIKit.framework; path = System/Library/Frameworks/UIKit.framework; sourceTree = SDKROOT; };
		288765A40DF7441C002DB57D /* CoreGraphics.framework */ = {isa = PBXFileReference; lastKnownFileType = wrapper.framework; name = CoreGraphics.framework; path = System/Library/Frameworks/CoreGraphics.framework; sourceTree = SDKROOT; };
		2899E5210DE3E06400AC0155 /* ListTweetsViewController.xib */ = {isa = PBXFileReference; lastKnownFileType = file.xib; path = ListTweetsViewController.xib; sourceTree = "<group>"; };
		28AD733E0D9D9553002E5188 /* MainWindow.xib */ = {isa = PBXFileReference; lastKnownFileType = file.xib; path = MainWindow.xib; sourceTree = "<group>"; };
		28D7ACF60DDB3853001CB0EB /* ListTweetsViewController.h */ = {isa = PBXFileReference; fileEncoding = 4; lastKnownFileType = sourcecode.c.h; path = ListTweetsViewController.h; sourceTree = "<group>"; };
		28D7ACF70DDB3853001CB0EB /* ListTweetsViewController.m */ = {isa = PBXFileReference; fileEncoding = 4; lastKnownFileType = sourcecode.c.objc; path = ListTweetsViewController.m; sourceTree = "<group>"; };
		29B97316FDCFA39411CA2CEA /* main.m */ = {isa = PBXFileReference; fileEncoding = 4; lastKnownFileType = sourcecode.c.objc; path = main.m; sourceTree = "<group>"; };
		32CA4F630368D1EE00C91783 /* AgileTwitter_Prefix.pch */ = {isa = PBXFileReference; fileEncoding = 4; lastKnownFileType = sourcecode.c.h; path = AgileTwitter_Prefix.pch; sourceTree = "<group>"; };
		8D1107310486CEB800E47090 /* AgileTwitter-Info.plist */ = {isa = PBXFileReference; fileEncoding = 4; lastKnownFileType = text.plist.xml; path = "AgileTwitter-Info.plist"; plistStructureDefinitionIdentifier = "com.apple.xcode.plist.structure-definition.iphone.info-plist"; sourceTree = "<group>"; };
/* End PBXFileReference section */

/* Begin PBXFrameworksBuildPhase section */
		078A058A103C98570052BF91 /* Frameworks */ = {
			isa = PBXFrameworksBuildPhase;
			buildActionMask = 2147483647;
			files = (
				078A063B103CAC450052BF91 /* OCMock.framework in Frameworks */,
				07EAA40C103D6AEC009D5CE4 /* libxml2.2.dylib in Frameworks */,
			);
			runOnlyForDeploymentPostprocessing = 0;
		};
		1D60588F0D05DD3D006BFB54 /* Frameworks */ = {
			isa = PBXFrameworksBuildPhase;
			buildActionMask = 2147483647;
			files = (
				1D60589F0D05DD5A006BFB54 /* Foundation.framework in Frameworks */,
				1DF5F4E00D08C38300B7A737 /* UIKit.framework in Frameworks */,
				288765A50DF7441C002DB57D /* CoreGraphics.framework in Frameworks */,
				07EAA40D103D6AEC009D5CE4 /* libxml2.2.dylib in Frameworks */,
			);
			runOnlyForDeploymentPostprocessing = 0;
		};
/* End PBXFrameworksBuildPhase section */

/* Begin PBXGroup section */
		075AB703103AC6FF007F6780 /* Tests */ = {
			isa = PBXGroup;
			children = (
				07019ABF103ACA30004D8367 /* TwitterDataSourceTest.h */,
				07019AC0103ACA30004D8367 /* TwitterDataSourceTest.m */,
				07B793D5103E109B00B5CA5A /* ListTweetsViewControllerTest.h */,
				07B793D6103E109B00B5CA5A /* ListTweetsViewControllerTest.m */,
				07B794B0103E2A5F00B5CA5A /* ConcreteTwitterEngineFactoryTest.h */,
				07B794B1103E2A5F00B5CA5A /* ConcreteTwitterEngineFactoryTest.m */,
				07E33DAA1040318B00B965F9 /* TwitterStatusCellTest.h */,
				07E33DAB1040318B00B965F9 /* TwitterStatusCellTest.m */,
				072792031040B73400B63551 /* ComposeTweetViewControllerTest.h */,
				072792041040B73400B63551 /* ComposeTweetViewControllerTest.m */,
				29B97315FDCFA39411CA2CEA /* Other Sources */,
				072791171040950600B63551 /* AgileTwitterAppDelegateTest.h */,
				072791181040950600B63551 /* AgileTwitterAppDelegateTest.m */,
				072792DC1040E64A00B63551 /* TwitterConnectionTest.h */,
				072792DD1040E64A00B63551 /* TwitterConnectionTest.m */,
			);
			name = Tests;
			sourceTree = "<group>";
		};
		078A059A103C98730052BF91 /* GoogleToolbox */ = {
			isa = PBXGroup;
			children = (
				078A05A6103C98BE0052BF91 /* GTMDefines.h */,
				078A059E103C98A70052BF91 /* GTMIPhoneUnitTestDelegate.h */,
				078A059F103C98A70052BF91 /* GTMIPhoneUnitTestDelegate.m */,
				078A05A0103C98A70052BF91 /* GTMIPhoneUnitTestMain.m */,
				078A05A1103C98A70052BF91 /* GTMSenTestCase.h */,
				078A05A2103C98A70052BF91 /* GTMSenTestCase.m */,
			);
			name = GoogleToolbox;
			sourceTree = "<group>";
		};
		07EAA2C2103D68CA009D5CE4 /* MGTwitter */ = {
			isa = PBXGroup;
			children = (
				07EAA3CD103D6A65009D5CE4 /* MGTwitterEngine.h */,
				07EAA3CE103D6A65009D5CE4 /* MGTwitterEngine.m */,
				07EAA3CF103D6A65009D5CE4 /* MGTwitterEngine_Prefix.pch */,
				07EAA3D0103D6A65009D5CE4 /* MGTwitterEngineDelegate.h */,
				07EAA3D1103D6A65009D5CE4 /* MGTwitterEngineGlobalHeader.h */,
				07EAA3D2103D6A65009D5CE4 /* MGTwitterHTTPURLConnection.h */,
				07EAA3D3103D6A65009D5CE4 /* MGTwitterHTTPURLConnection.m */,
				07EAA3D4103D6A65009D5CE4 /* MGTwitterLibXMLParser.h */,
				07EAA3D5103D6A65009D5CE4 /* MGTwitterLibXMLParser.m */,
				07EAA3D6103D6A65009D5CE4 /* MGTwitterMessagesLibXMLParser.h */,
				07EAA3D7103D6A65009D5CE4 /* MGTwitterMessagesLibXMLParser.m */,
				07EAA3D8103D6A65009D5CE4 /* MGTwitterMessagesParser.h */,
				07EAA3D9103D6A65009D5CE4 /* MGTwitterMessagesParser.m */,
				07EAA3DA103D6A65009D5CE4 /* MGTwitterMiscLibXMLParser.h */,
				07EAA3DB103D6A65009D5CE4 /* MGTwitterMiscLibXMLParser.m */,
				07EAA3DC103D6A65009D5CE4 /* MGTwitterMiscParser.h */,
				07EAA3DD103D6A65009D5CE4 /* MGTwitterMiscParser.m */,
				07EAA3DE103D6A65009D5CE4 /* MGTwitterParserDelegate.h */,
				07EAA3DF103D6A65009D5CE4 /* MGTwitterRequestTypes.h */,
				07EAA3E0103D6A65009D5CE4 /* MGTwitterStatusesLibXMLParser.h */,
				07EAA3E1103D6A65009D5CE4 /* MGTwitterStatusesLibXMLParser.m */,
				07EAA3E2103D6A65009D5CE4 /* MGTwitterStatusesParser.h */,
				07EAA3E3103D6A65009D5CE4 /* MGTwitterStatusesParser.m */,
				07EAA3E4103D6A65009D5CE4 /* MGTwitterUsersLibXMLParser.h */,
				07EAA3E5103D6A65009D5CE4 /* MGTwitterUsersLibXMLParser.m */,
				07EAA3E6103D6A65009D5CE4 /* MGTwitterUsersParser.h */,
				07EAA3E7103D6A65009D5CE4 /* MGTwitterUsersParser.m */,
				07EAA3E8103D6A65009D5CE4 /* MGTwitterXMLParser.h */,
				07EAA3E9103D6A65009D5CE4 /* MGTwitterXMLParser.m */,
				07EAA3EA103D6A65009D5CE4 /* NSData+Base64.h */,
				07EAA3EB103D6A65009D5CE4 /* NSData+Base64.m */,
				07EAA3EC103D6A65009D5CE4 /* NSString+UUID.h */,
				07EAA3ED103D6A65009D5CE4 /* NSString+UUID.m */,
			);
			name = MGTwitter;
			sourceTree = "<group>";
		};
		07EAA4AF103D7C38009D5CE4 /* Protocols */ = {
			isa = PBXGroup;
			children = (
				07EAA4B0103D7C55009D5CE4 /* TwitterEngineFactory.h */,
			);
			name = Protocols;
			sourceTree = "<group>";
		};
		080E96DDFE201D6D7F000001 /* Classes */ = {
			isa = PBXGroup;
			children = (
				072792151040B89700B63551 /* ComposeTweetViewController.h */,
				072792161040B89700B63551 /* ComposeTweetViewController.m */,
				072792171040B89700B63551 /* ComposeTweetViewController.xib */,
				07019AD4103ACAD3004D8367 /* TwitterDataSource.h */,
				07019AD5103ACAD3004D8367 /* TwitterDataSource.m */,
				1D3623240D0F684500981E51 /* AgileTwitterAppDelegate.h */,
				1D3623250D0F684500981E51 /* AgileTwitterAppDelegate.m */,
				28D7ACF60DDB3853001CB0EB /* ListTweetsViewController.h */,
				28D7ACF70DDB3853001CB0EB /* ListTweetsViewController.m */,
				07B794B6103E2AFB00B5CA5A /* ConcreteTwitterEngineFactory.h */,
				07B794B7103E2AFB00B5CA5A /* ConcreteTwitterEngineFactory.m */,
				07E33DB01040333B00B965F9 /* TwitterStatusCell.h */,
				07E33DB11040333B00B965F9 /* TwitterStatusCell.m */,
				07C19CE11042B19D00FE5731 /* TwitterConnection.h */,
				07C19CE21042B19D00FE5731 /* TwitterConnection.m */,
			);
			path = Classes;
			sourceTree = "<group>";
		};
		19C28FACFE9D520D11CA2CBB /* Products */ = {
			isa = PBXGroup;
			children = (
				1D6058910D05DD3D006BFB54 /* AgileTwitter.app */,
				078A058C103C98570052BF91 /* UnitTests.app */,
			);
			name = Products;
			sourceTree = "<group>";
		};
		29B97314FDCFA39411CA2CEA /* CustomTemplate */ = {
			isa = PBXGroup;
			children = (
				07EAA4AF103D7C38009D5CE4 /* Protocols */,
				07EAA2C2103D68CA009D5CE4 /* MGTwitter */,
				078A059A103C98730052BF91 /* GoogleToolbox */,
				075AB703103AC6FF007F6780 /* Tests */,
				080E96DDFE201D6D7F000001 /* Classes */,
				29B97317FDCFA39411CA2CEA /* Resources */,
				29B97323FDCFA39411CA2CEA /* Frameworks */,
				19C28FACFE9D520D11CA2CBB /* Products */,
				075AB6F3103A1E3D007F6780 /* UnitTests-Info.plist */,
			);
			name = CustomTemplate;
			sourceTree = "<group>";
		};
		29B97315FDCFA39411CA2CEA /* Other Sources */ = {
			isa = PBXGroup;
			children = (
				32CA4F630368D1EE00C91783 /* AgileTwitter_Prefix.pch */,
				29B97316FDCFA39411CA2CEA /* main.m */,
			);
			name = "Other Sources";
			sourceTree = "<group>";
		};
		29B97317FDCFA39411CA2CEA /* Resources */ = {
			isa = PBXGroup;
			children = (
				07E33D9610402BED00B965F9 /* TwitterStatusCell.xib */,
				2899E5210DE3E06400AC0155 /* ListTweetsViewController.xib */,
				28AD733E0D9D9553002E5188 /* MainWindow.xib */,
				8D1107310486CEB800E47090 /* AgileTwitter-Info.plist */,
				0727922B1040B92000B63551 /* ComposeTweet.xib */,
			);
			name = Resources;
			sourceTree = "<group>";
		};
		29B97323FDCFA39411CA2CEA /* Frameworks */ = {
			isa = PBXGroup;
			children = (
				07EAA40B103D6AEC009D5CE4 /* libxml2.2.dylib */,
				078A063A103CAC450052BF91 /* OCMock.framework */,
				1DF5F4DF0D08C38300B7A737 /* UIKit.framework */,
				1D30AB110D05D00D00671497 /* Foundation.framework */,
				288765A40DF7441C002DB57D /* CoreGraphics.framework */,
			);
			name = Frameworks;
			sourceTree = "<group>";
		};
/* End PBXGroup section */

/* Begin PBXNativeTarget section */
		078A058B103C98570052BF91 /* UnitTests */ = {
			isa = PBXNativeTarget;
			buildConfigurationList = 078A0598103C985A0052BF91 /* Build configuration list for PBXNativeTarget "UnitTests" */;
			buildPhases = (
				078A0588103C98570052BF91 /* Resources */,
				078A0589103C98570052BF91 /* Sources */,
				078A058A103C98570052BF91 /* Frameworks */,
				078A05AB103C99130052BF91 /* ShellScript */,
			);
			buildRules = (
			);
			dependencies = (
			);
			name = UnitTests;
			productName = UnitTests;
			productReference = 078A058C103C98570052BF91 /* UnitTests.app */;
			productType = "com.apple.product-type.application";
		};
		1D6058900D05DD3D006BFB54 /* AgileTwitter */ = {
			isa = PBXNativeTarget;
			buildConfigurationList = 1D6058960D05DD3E006BFB54 /* Build configuration list for PBXNativeTarget "AgileTwitter" */;
			buildPhases = (
				1D60588D0D05DD3D006BFB54 /* Resources */,
				1D60588E0D05DD3D006BFB54 /* Sources */,
				1D60588F0D05DD3D006BFB54 /* Frameworks */,
			);
			buildRules = (
			);
			dependencies = (
			);
			name = AgileTwitter;
			productName = AgileTwitter;
			productReference = 1D6058910D05DD3D006BFB54 /* AgileTwitter.app */;
			productType = "com.apple.product-type.application";
		};
/* End PBXNativeTarget section */

/* Begin PBXProject section */
		29B97313FDCFA39411CA2CEA /* Project object */ = {
			isa = PBXProject;
			buildConfigurationList = C01FCF4E08A954540054247B /* Build configuration list for PBXProject "AgileTwitter" */;
			compatibilityVersion = "Xcode 3.1";
			hasScannedForEncodings = 1;
			mainGroup = 29B97314FDCFA39411CA2CEA /* CustomTemplate */;
			projectDirPath = "";
			projectRoot = "";
			targets = (
				1D6058900D05DD3D006BFB54 /* AgileTwitter */,
				078A058B103C98570052BF91 /* UnitTests */,
			);
		};
/* End PBXProject section */

/* Begin PBXResourcesBuildPhase section */
		078A0588103C98570052BF91 /* Resources */ = {
			isa = PBXResourcesBuildPhase;
			buildActionMask = 2147483647;
			files = (
				07E33DEC1040368200B965F9 /* TwitterStatusCell.xib in Resources */,
			);
			runOnlyForDeploymentPostprocessing = 0;
		};
		1D60588D0D05DD3D006BFB54 /* Resources */ = {
			isa = PBXResourcesBuildPhase;
			buildActionMask = 2147483647;
			files = (
				28AD733F0D9D9553002E5188 /* MainWindow.xib in Resources */,
				2899E5220DE3E06400AC0155 /* ListTweetsViewController.xib in Resources */,
				07E33D9710402BED00B965F9 /* TwitterStatusCell.xib in Resources */,
				0727922C1040B92000B63551 /* ComposeTweet.xib in Resources */,
			);
			runOnlyForDeploymentPostprocessing = 0;
		};
/* End PBXResourcesBuildPhase section */

/* Begin PBXShellScriptBuildPhase section */
		078A05AB103C99130052BF91 /* ShellScript */ = {
			isa = PBXShellScriptBuildPhase;
			buildActionMask = 2147483647;
			files = (
			);
			inputPaths = (
			);
			outputPaths = (
			);
			runOnlyForDeploymentPostprocessing = 0;
			shellPath = /bin/sh;
			shellScript = "./RunIPhoneUnitTest.sh\n";
		};
/* End PBXShellScriptBuildPhase section */

/* Begin PBXSourcesBuildPhase section */
		078A0589103C98570052BF91 /* Sources */ = {
			isa = PBXSourcesBuildPhase;
			buildActionMask = 2147483647;
			files = (
				07EAA4AB103D7BA5009D5CE4 /* ListTweetsViewController.m in Sources */,
				0727913D104096F300B63551 /* AgileTwitterAppDelegate.m in Sources */,
				078A05C8103C9E450052BF91 /* TwitterDataSource.m in Sources */,
				078A05B6103C9D5A0052BF91 /* TwitterDataSourceTest.m in Sources */,
				078A05A3103C98A70052BF91 /* GTMIPhoneUnitTestDelegate.m in Sources */,
				078A05A4103C98A70052BF91 /* GTMIPhoneUnitTestMain.m in Sources */,
				078A05A5103C98A70052BF91 /* GTMSenTestCase.m in Sources */,
				07EAA3EE103D6A65009D5CE4 /* MGTwitterEngine.m in Sources */,
				07EAA3EF103D6A65009D5CE4 /* MGTwitterHTTPURLConnection.m in Sources */,
				07EAA3F0103D6A65009D5CE4 /* MGTwitterLibXMLParser.m in Sources */,
				07EAA3F1103D6A65009D5CE4 /* MGTwitterMessagesLibXMLParser.m in Sources */,
				07EAA3F2103D6A65009D5CE4 /* MGTwitterMessagesParser.m in Sources */,
				07EAA3F3103D6A65009D5CE4 /* MGTwitterMiscLibXMLParser.m in Sources */,
				07EAA3F4103D6A65009D5CE4 /* MGTwitterMiscParser.m in Sources */,
				07EAA3F5103D6A65009D5CE4 /* MGTwitterStatusesLibXMLParser.m in Sources */,
				07EAA3F6103D6A65009D5CE4 /* MGTwitterStatusesParser.m in Sources */,
				07EAA3F7103D6A65009D5CE4 /* MGTwitterUsersLibXMLParser.m in Sources */,
				07EAA3F8103D6A65009D5CE4 /* MGTwitterUsersParser.m in Sources */,
				07EAA3F9103D6A65009D5CE4 /* MGTwitterXMLParser.m in Sources */,
				07EAA3FA103D6A65009D5CE4 /* NSData+Base64.m in Sources */,
				07EAA3FB103D6A65009D5CE4 /* NSString+UUID.m in Sources */,
				07B793D7103E109B00B5CA5A /* ListTweetsViewControllerTest.m in Sources */,
				07B794B2103E2A5F00B5CA5A /* ConcreteTwitterEngineFactoryTest.m in Sources */,
				07B794B8103E2AFB00B5CA5A /* ConcreteTwitterEngineFactory.m in Sources */,
				07E33DAC1040318B00B965F9 /* TwitterStatusCellTest.m in Sources */,
				07E33DB21040333B00B965F9 /* TwitterStatusCell.m in Sources */,
				072791191040950600B63551 /* AgileTwitterAppDelegateTest.m in Sources */,
				072792051040B73400B63551 /* ComposeTweetViewControllerTest.m in Sources */,
				072792181040B89700B63551 /* ComposeTweetViewController.m in Sources */,
				072792DE1040E64A00B63551 /* TwitterConnectionTest.m in Sources */,
				07C19CE31042B19D00FE5731 /* TwitterConnection.m in Sources */,
			);
			runOnlyForDeploymentPostprocessing = 0;
		};
		1D60588E0D05DD3D006BFB54 /* Sources */ = {
			isa = PBXSourcesBuildPhase;
			buildActionMask = 2147483647;
			files = (
				07278FE910404A5400B63551 /* TwitterStatusCell.m in Sources */,
				072792351040B9DB00B63551 /* ComposeTweetViewController.m in Sources */,
				1D60589B0D05DD56006BFB54 /* main.m in Sources */,
				1D3623260D0F684500981E51 /* AgileTwitterAppDelegate.m in Sources */,
				28D7ACF80DDB3853001CB0EB /* ListTweetsViewController.m in Sources */,
				07019AD7103ACAD3004D8367 /* TwitterDataSource.m in Sources */,
				07EAA3FC103D6A65009D5CE4 /* MGTwitterEngine.m in Sources */,
				07EAA3FD103D6A65009D5CE4 /* MGTwitterHTTPURLConnection.m in Sources */,
				07EAA3FE103D6A65009D5CE4 /* MGTwitterLibXMLParser.m in Sources */,
				07EAA3FF103D6A65009D5CE4 /* MGTwitterMessagesLibXMLParser.m in Sources */,
				07EAA400103D6A65009D5CE4 /* MGTwitterMessagesParser.m in Sources */,
				07EAA401103D6A65009D5CE4 /* MGTwitterMiscLibXMLParser.m in Sources */,
				07EAA402103D6A65009D5CE4 /* MGTwitterMiscParser.m in Sources */,
				07EAA403103D6A65009D5CE4 /* MGTwitterStatusesLibXMLParser.m in Sources */,
				07EAA404103D6A65009D5CE4 /* MGTwitterStatusesParser.m in Sources */,
				07EAA405103D6A65009D5CE4 /* MGTwitterUsersLibXMLParser.m in Sources */,
				07EAA406103D6A65009D5CE4 /* MGTwitterUsersParser.m in Sources */,
				07EAA407103D6A65009D5CE4 /* MGTwitterXMLParser.m in Sources */,
				07EAA408103D6A65009D5CE4 /* NSData+Base64.m in Sources */,
				07EAA409103D6A65009D5CE4 /* NSString+UUID.m in Sources */,
				07B794B9103E2AFB00B5CA5A /* ConcreteTwitterEngineFactory.m in Sources */,
				07C19CE41042B19D00FE5731 /* TwitterConnection.m in Sources */,
			);
			runOnlyForDeploymentPostprocessing = 0;
		};
/* End PBXSourcesBuildPhase section */

/* Begin XCBuildConfiguration section */
		078A058E103C98570052BF91 /* Debug */ = {
			isa = XCBuildConfiguration;
			buildSettings = {
				ALWAYS_SEARCH_USER_PATHS = NO;
				CODE_SIGN_IDENTITY = "iPhone Developer";
				COPY_PHASE_STRIP = NO;
				FRAMEWORK_SEARCH_PATHS = (
					"$(inherited)",
					"\"$(SRCROOT)/Frameworks\"",
				);
				GCC_DYNAMIC_NO_PIC = NO;
				GCC_OPTIMIZATION_LEVEL = 0;
				GCC_PRECOMPILE_PREFIX_HEADER = YES;
				GCC_PREFIX_HEADER = "$(SYSTEM_LIBRARY_DIR)/Frameworks/UIKit.framework/Headers/UIKit.h";
				GTM_ENABLE_LEAKS = 1;
				HEADER_SEARCH_PATHS = "/usr/include/libxml2/**";
				INFOPLIST_FILE = "UnitTests-Info.plist";
				INSTALL_PATH = "$(HOME)/Applications";
				OTHER_LDFLAGS = (
					"-framework",
					Foundation,
					"-framework",
					UIKit,
				);
				PREBINDING = NO;
				PRODUCT_NAME = UnitTests;
				SDKROOT = iphonesimulator3.0;
			};
			name = Debug;
		};
		078A058F103C98570052BF91 /* Release */ = {
			isa = XCBuildConfiguration;
			buildSettings = {
				ALWAYS_SEARCH_USER_PATHS = NO;
				CODE_SIGN_IDENTITY = "iPhone Developer";
				COPY_PHASE_STRIP = YES;
				DEBUG_INFORMATION_FORMAT = "dwarf-with-dsym";
				FRAMEWORK_SEARCH_PATHS = (
					"$(inherited)",
					"\"$(SRCROOT)/Frameworks\"",
				);
				GCC_ENABLE_FIX_AND_CONTINUE = NO;
				GCC_PRECOMPILE_PREFIX_HEADER = YES;
				GCC_PREFIX_HEADER = "$(SYSTEM_LIBRARY_DIR)/Frameworks/UIKit.framework/Headers/UIKit.h";
				INFOPLIST_FILE = "UnitTests-Info.plist";
				INSTALL_PATH = "$(HOME)/Applications";
				OTHER_LDFLAGS = (
					"-framework",
					Foundation,
					"-framework",
					UIKit,
				);
				PREBINDING = NO;
				PRODUCT_NAME = UnitTests;
				SDKROOT = iphoneos2.1;
				ZERO_LINK = NO;
			};
			name = Release;
		};
		1D6058940D05DD3E006BFB54 /* Debug */ = {
			isa = XCBuildConfiguration;
			buildSettings = {
				ALWAYS_SEARCH_USER_PATHS = NO;
				COPY_PHASE_STRIP = NO;
				GCC_DYNAMIC_NO_PIC = NO;
				GCC_OPTIMIZATION_LEVEL = 0;
				GCC_PRECOMPILE_PREFIX_HEADER = YES;
				GCC_PREFIX_HEADER = AgileTwitter_Prefix.pch;
				HEADER_SEARCH_PATHS = "/usr/include/libxml2/**";
				INFOPLIST_FILE = "AgileTwitter-Info.plist";
				PRODUCT_NAME = AgileTwitter;
			};
			name = Debug;
		};
		1D6058950D05DD3E006BFB54 /* Release */ = {
			isa = XCBuildConfiguration;
			buildSettings = {
				ALWAYS_SEARCH_USER_PATHS = NO;
				COPY_PHASE_STRIP = YES;
				GCC_PRECOMPILE_PREFIX_HEADER = YES;
				GCC_PREFIX_HEADER = AgileTwitter_Prefix.pch;
				INFOPLIST_FILE = "AgileTwitter-Info.plist";
				PRODUCT_NAME = AgileTwitter;
			};
			name = Release;
		};
		C01FCF4F08A954540054247B /* Debug */ = {
			isa = XCBuildConfiguration;
			buildSettings = {
				ARCHS = "$(ARCHS_STANDARD_32_BIT)";
				"CODE_SIGN_IDENTITY[sdk=iphoneos*]" = "iPhone Developer";
				GCC_C_LANGUAGE_STANDARD = c99;
				GCC_WARN_ABOUT_RETURN_TYPE = YES;
				GCC_WARN_UNUSED_VARIABLE = YES;
				PREBINDING = NO;
				SDKROOT = iphoneos3.0;
			};
			name = Debug;
		};
		C01FCF5008A954540054247B /* Release */ = {
			isa = XCBuildConfiguration;
			buildSettings = {
				ARCHS = "$(ARCHS_STANDARD_32_BIT)";
				"CODE_SIGN_IDENTITY[sdk=iphoneos*]" = "iPhone Developer";
				GCC_C_LANGUAGE_STANDARD = c99;
				GCC_WARN_ABOUT_RETURN_TYPE = YES;
				GCC_WARN_UNUSED_VARIABLE = YES;
				PREBINDING = NO;
				SDKROOT = iphoneos3.0;
			};
			name = Release;
		};
/* End XCBuildConfiguration section */

/* Begin XCConfigurationList section */
		078A0598103C985A0052BF91 /* Build configuration list for PBXNativeTarget "UnitTests" */ = {
			isa = XCConfigurationList;
			buildConfigurations = (
				078A058E103C98570052BF91 /* Debug */,
				078A058F103C98570052BF91 /* Release */,
			);
			defaultConfigurationIsVisible = 0;
			defaultConfigurationName = Release;
		};
		1D6058960D05DD3E006BFB54 /* Build configuration list for PBXNativeTarget "AgileTwitter" */ = {
			isa = XCConfigurationList;
			buildConfigurations = (
				1D6058940D05DD3E006BFB54 /* Debug */,
				1D6058950D05DD3E006BFB54 /* Release */,
			);
			defaultConfigurationIsVisible = 0;
			defaultConfigurationName = Release;
		};
		C01FCF4E08A954540054247B /* Build configuration list for PBXProject "AgileTwitter" */ = {
			isa = XCConfigurationList;
			buildConfigurations = (
				C01FCF4F08A954540054247B /* Debug */,
				C01FCF5008A954540054247B /* Release */,
			);
			defaultConfigurationIsVisible = 0;
			defaultConfigurationName = Release;
		};
/* End XCConfigurationList section */
	};
	rootObject = 29B97313FDCFA39411CA2CEA /* Project object */;
}
